
Microsoft Visual Studio Solution File, Format Version 12.00
Project("{FAE04EC0-301F-11D3-BF4B-00C04F79EFBC}") = "MyMinimalApi", "MyMinimalApi\MyMinimalApi.csproj", "{BB2CE62E-AAD9-41FC-BA07-52F352B9280C}"
EndProject
Project("{2150E333-8FDC-42A3-9474-1A3956D46DE8}") = "src", "src", "{8537BA5B-9EF1-4BEB-A4A6-CA767E7B8247}"
EndProject
Global
	GlobalSection(SolutionConfigurationPlatforms) = preSolution
		Debug|Any CPU = Debug|Any CPU
		Release|Any CPU = Release|Any CPU
	EndGlobalSection
	GlobalSection(ProjectConfigurationPlatforms) = postSolution
		{BB2CE62E-AAD9-41FC-BA07-52F352B9280C}.Debug|Any CPU.ActiveCfg = Debug|Any CPU
		{BB2CE62E-AAD9-41FC-BA07-52F352B9280C}.Debug|Any CPU.Build.0 = Debug|Any CPU
		{BB2CE62E-AAD9-41FC-BA07-52F352B9280C}.Release|Any CPU.ActiveCfg = Release|Any CPU
		{BB2CE62E-AAD9-41FC-BA07-52F352B9280C}.Release|Any CPU.Build.0 = Release|Any CPU
	EndGlobalSection
	GlobalSection(NestedProjects) = preSolution
		{BB2CE62E-AAD9-41FC-BA07-52F352B9280C} = {8537BA5B-9EF1-4BEB-A4A6-CA767E7B8247}
	EndGlobalSection
EndGlobal
